{
  "nodes": {
    "animal_rescue": {
      "inputs": {
        "flake-utils": "flake-utils",
        "goflake": "goflake",
        "nixpkgs": "nixpkgs"
      },
      "locked": {
        "lastModified": 1730429247,
        "narHash": "sha256-4W9klPJxG977m3Xx8QUGiYV/KwfZd0auAELrCMO9pwk=",
        "owner": "napisani",
        "repo": "animal-rescue",
        "rev": "321b2e7de5a915d30526ee083fb23b98fbf10cb5",
        "type": "github"
      },
      "original": {
        "owner": "napisani",
        "repo": "animal-rescue",
        "type": "github"
      }
    },
    "darwin": {
      "inputs": {
        "nixpkgs": [
          "nixpkgs-darwin"
        ]
      },
      "locked": {
        "lastModified": 1743127615,
        "narHash": "sha256-+sMGqywrSr50BGMLMeY789mSrzjkoxZiu61eWjYS/8o=",
        "owner": "lnl7",
        "repo": "nix-darwin",
        "rev": "fc843893cecc1838a59713ee3e50e9e7edc6207c",
        "type": "github"
      },
      "original": {
        "owner": "lnl7",
        "ref": "nix-darwin-24.11",
        "repo": "nix-darwin",
        "type": "github"
      }
    },
    "flake-utils": {
      "inputs": {
        "systems": "systems"
      },
      "locked": {
        "lastModified": 1710146030,
        "narHash": "sha256-SZ5L6eA7HJ/nmkzGG7/ISclqe6oZdOZTNoesiInkXPQ=",
        "owner": "numtide",
        "repo": "flake-utils",
        "rev": "b1d9ab70662946ef0850d488da1c9019f3a9752a",
        "type": "github"
      },
      "original": {
        "owner": "numtide",
        "repo": "flake-utils",
        "type": "github"
      }
    },
    "flake-utils_2": {
      "inputs": {
        "systems": "systems_2"
      },
      "locked": {
        "lastModified": 1731533236,
        "narHash": "sha256-l0KFg5HjrsfsO/JpG+r7fRrqm12kzFHyUHqHCVpMMbI=",
        "owner": "numtide",
        "repo": "flake-utils",
        "rev": "11707dc2f618dd54ca8739b309ec4fc024de578b",
        "type": "github"
      },
      "original": {
        "owner": "numtide",
        "repo": "flake-utils",
        "type": "github"
      }
    },
    "flake-utils_3": {
      "inputs": {
        "systems": "systems_3"
      },
      "locked": {
        "lastModified": 1731533236,
        "narHash": "sha256-l0KFg5HjrsfsO/JpG+r7fRrqm12kzFHyUHqHCVpMMbI=",
        "owner": "numtide",
        "repo": "flake-utils",
        "rev": "11707dc2f618dd54ca8739b309ec4fc024de578b",
        "type": "github"
      },
      "original": {
        "owner": "numtide",
        "repo": "flake-utils",
        "type": "github"
      }
    },
    "flake-utils_4": {
      "inputs": {
        "systems": "systems_5"
      },
      "locked": {
        "lastModified": 1710146030,
        "narHash": "sha256-SZ5L6eA7HJ/nmkzGG7/ISclqe6oZdOZTNoesiInkXPQ=",
        "owner": "numtide",
        "repo": "flake-utils",
        "rev": "b1d9ab70662946ef0850d488da1c9019f3a9752a",
        "type": "github"
      },
      "original": {
        "owner": "numtide",
        "repo": "flake-utils",
        "type": "github"
      }
    },
    "flake-utils_5": {
      "inputs": {
        "systems": "systems_6"
      },
      "locked": {
        "lastModified": 1710146030,
        "narHash": "sha256-SZ5L6eA7HJ/nmkzGG7/ISclqe6oZdOZTNoesiInkXPQ=",
        "owner": "numtide",
        "repo": "flake-utils",
        "rev": "b1d9ab70662946ef0850d488da1c9019f3a9752a",
        "type": "github"
      },
      "original": {
        "owner": "numtide",
        "repo": "flake-utils",
        "type": "github"
      }
    },
    "goflake": {
      "inputs": {
        "nixpkgs": [
          "animal_rescue",
          "nixpkgs"
        ]
      },
      "locked": {
        "lastModified": 1680659771,
        "narHash": "sha256-5Gli0PdnZh2rUQTDapyz0pDG+yzRq5AAPoMpZkdMaGQ=",
        "owner": "sagikazarmark",
        "repo": "go-flake",
        "rev": "1a32d77792361575b617f7e52f107273ef4ba723",
        "type": "github"
      },
      "original": {
        "owner": "sagikazarmark",
        "repo": "go-flake",
        "type": "github"
      }
    },
    "goflake_2": {
      "inputs": {
        "nixpkgs": [
          "scrollbacktamer",
          "nixpkgs"
        ]
      },
      "locked": {
        "lastModified": 1680659771,
        "narHash": "sha256-5Gli0PdnZh2rUQTDapyz0pDG+yzRq5AAPoMpZkdMaGQ=",
        "owner": "sagikazarmark",
        "repo": "go-flake",
        "rev": "1a32d77792361575b617f7e52f107273ef4ba723",
        "type": "github"
      },
      "original": {
        "owner": "sagikazarmark",
        "repo": "go-flake",
        "type": "github"
      }
    },
    "goflake_3": {
      "inputs": {
        "nixpkgs": [
          "secret_inject",
          "nixpkgs"
        ]
      },
      "locked": {
        "lastModified": 1680659771,
        "narHash": "sha256-5Gli0PdnZh2rUQTDapyz0pDG+yzRq5AAPoMpZkdMaGQ=",
        "owner": "sagikazarmark",
        "repo": "go-flake",
        "rev": "1a32d77792361575b617f7e52f107273ef4ba723",
        "type": "github"
      },
      "original": {
        "owner": "sagikazarmark",
        "repo": "go-flake",
        "type": "github"
      }
    },
    "home-manager": {
      "inputs": {
        "nixpkgs": [
          "nixpkgs"
        ]
      },
      "locked": {
        "lastModified": 1743808813,
        "narHash": "sha256-2lDQBOmlz9ggPxcS7/GvcVdzXMIiT+PpMao6FbLJSr0=",
        "owner": "nix-community",
        "repo": "home-manager",
        "rev": "a9f8b3db211b4609ddd83683f9db89796c7f6ac6",
        "type": "github"
      },
      "original": {
        "owner": "nix-community",
        "ref": "release-24.11",
        "repo": "home-manager",
        "type": "github"
      }
    },
    "home-manager-master": {
      "inputs": {
        "nixpkgs": [
          "nixpkgs"
        ]
      },
      "locked": {
        "lastModified": 1743948087,
        "narHash": "sha256-B6cIi2ScgVSROPPlTti6len+TdR0K25B9R3oKvbw3M8=",
        "owner": "nix-community",
        "repo": "home-manager",
        "rev": "ef3b2a6b602c3f1a80c6897d6de3ee62339a3eb7",
        "type": "github"
      },
      "original": {
        "owner": "nix-community",
        "ref": "master",
        "repo": "home-manager",
        "type": "github"
      }
    },
    "nil": {
      "inputs": {
        "flake-utils": "flake-utils_3",
        "nixpkgs": "nixpkgs_2",
        "rust-overlay": "rust-overlay"
      },
      "locked": {
        "lastModified": 1741118843,
        "narHash": "sha256-ggXU3RHv6NgWw+vc+HO4/9n0GPufhTIUjVuLci8Za8c=",
        "owner": "oxalica",
        "repo": "nil",
        "rev": "577d160da311cc7f5042038456a0713e9863d09e",
        "type": "github"
      },
      "original": {
        "owner": "oxalica",
        "repo": "nil",
        "type": "github"
      }
    },
    "nixhub_dep": {
      "locked": {
        "lastModified": 1743814133,
        "narHash": "sha256-drDyYyUmjeYGiHmwB9eOPTQRjmrq3Yz26knwmMPLZFk=",
        "owner": "nixos",
        "repo": "nixpkgs",
        "rev": "250b695f41e0e2f5afbf15c6b12480de1fe0001b",
        "type": "github"
      },
      "original": {
        "owner": "nixos",
        "ref": "nixpkgs-unstable",
        "repo": "nixpkgs",
        "type": "github"
      }
    },
    "nixpkgs": {
      "locked": {
        "lastModified": 1707588924,
        "narHash": "sha256-0e1ce6X5ghapv6cAF9rxLZKeNyFHHXsLbGxN2cQQE8U=",
        "owner": "NixOS",
        "repo": "nixpkgs",
        "rev": "10b813040df67c4039086db0f6eaf65c536886c6",
        "type": "github"
      },
      "original": {
        "owner": "NixOS",
        "repo": "nixpkgs",
        "rev": "10b813040df67c4039086db0f6eaf65c536886c6",
        "type": "github"
      }
    },
    "nixpkgs-darwin": {
      "locked": {
        "lastModified": 1743891346,
        "narHash": "sha256-QNxnxIi6PJEnwJp7ZXUpxX4/z/cmRJGeIOkIYfYh/8E=",
        "owner": "NixOS",
        "repo": "nixpkgs",
        "rev": "f27c6099cec4fe9b67c7fbc51d8324dcb4b52694",
        "type": "github"
      },
      "original": {
        "owner": "NixOS",
        "ref": "nixpkgs-24.11-darwin",
        "repo": "nixpkgs",
        "type": "github"
      }
    },
    "nixpkgs-unstable": {
      "locked": {
        "lastModified": 1743814133,
        "narHash": "sha256-drDyYyUmjeYGiHmwB9eOPTQRjmrq3Yz26knwmMPLZFk=",
        "owner": "NixOS",
        "repo": "nixpkgs",
        "rev": "250b695f41e0e2f5afbf15c6b12480de1fe0001b",
        "type": "github"
      },
      "original": {
        "owner": "NixOS",
        "ref": "nixpkgs-unstable",
        "repo": "nixpkgs",
        "type": "github"
      }
    },
    "nixpkgs_2": {
      "locked": {
        "lastModified": 1741037377,
        "narHash": "sha256-SvtvVKHaUX4Owb+PasySwZsoc5VUeTf1px34BByiOxw=",
        "owner": "nixos",
        "repo": "nixpkgs",
        "rev": "02032da4af073d0f6110540c8677f16d4be0117f",
        "type": "github"
      },
      "original": {
        "owner": "nixos",
        "ref": "nixpkgs-unstable",
        "repo": "nixpkgs",
        "type": "github"
      }
    },
    "nixpkgs_3": {
      "locked": {
        "lastModified": 1743813633,
        "narHash": "sha256-BgkBz4NpV6Kg8XF7cmHDHRVGZYnKbvG0Y4p+jElwxaM=",
        "owner": "NixOS",
        "repo": "nixpkgs",
        "rev": "7819a0d29d1dd2bc331bec4b327f0776359b1fa6",
        "type": "github"
      },
      "original": {
        "owner": "NixOS",
        "ref": "nixos-24.11",
        "repo": "nixpkgs",
        "type": "github"
      }
    },
    "nixpkgs_4": {
      "locked": {
        "lastModified": 1707588924,
        "narHash": "sha256-0e1ce6X5ghapv6cAF9rxLZKeNyFHHXsLbGxN2cQQE8U=",
        "owner": "NixOS",
        "repo": "nixpkgs",
        "rev": "10b813040df67c4039086db0f6eaf65c536886c6",
        "type": "github"
      },
      "original": {
        "owner": "NixOS",
        "repo": "nixpkgs",
        "rev": "10b813040df67c4039086db0f6eaf65c536886c6",
        "type": "github"
      }
    },
    "nixpkgs_5": {
      "locked": {
        "lastModified": 1707588924,
        "narHash": "sha256-0e1ce6X5ghapv6cAF9rxLZKeNyFHHXsLbGxN2cQQE8U=",
        "owner": "NixOS",
        "repo": "nixpkgs",
        "rev": "10b813040df67c4039086db0f6eaf65c536886c6",
        "type": "github"
      },
      "original": {
        "owner": "NixOS",
        "repo": "nixpkgs",
        "rev": "10b813040df67c4039086db0f6eaf65c536886c6",
        "type": "github"
      }
    },
    "procmux": {
      "inputs": {
        "nixpkgs": [
          "nixpkgs"
        ],
        "pyproject-build-systems": "pyproject-build-systems",
        "pyproject-nix": "pyproject-nix",
        "systems": "systems_4",
        "uv2nix": "uv2nix"
      },
      "locked": {
        "lastModified": 1739643330,
        "narHash": "sha256-7y0k/C6U3cqPK76cYRfm+5d4bRkWb3BDRIqE4a7qaBM=",
        "owner": "napisani",
        "repo": "procmux",
        "rev": "d31467b9438efc4b2d24563c44d49ed3a2bfadc6",
        "type": "github"
      },
      "original": {
        "owner": "napisani",
        "repo": "procmux",
        "type": "github"
      }
    },
    "pyproject-build-systems": {
      "inputs": {
        "nixpkgs": [
          "procmux",
          "nixpkgs"
        ],
        "pyproject-nix": [
          "procmux",
          "pyproject-nix"
        ],
        "uv2nix": [
          "procmux",
          "uv2nix"
        ]
      },
      "locked": {
        "lastModified": 1739183797,
        "narHash": "sha256-z3OeNI8VDCHTjEVGA4nEmsPAl+d34TLaco4ytVrqWJA=",
        "owner": "pyproject-nix",
        "repo": "build-system-pkgs",
        "rev": "e4ec65fabc1ff5abf61825f3ac07d0e1d157f1c1",
        "type": "github"
      },
      "original": {
        "owner": "pyproject-nix",
        "repo": "build-system-pkgs",
        "type": "github"
      }
    },
    "pyproject-nix": {
      "inputs": {
        "nixpkgs": [
          "procmux",
          "nixpkgs"
        ]
      },
      "locked": {
        "lastModified": 1739454625,
        "narHash": "sha256-sNOUT521rQn8I3lHYeXLQTQiWvqZfZA4Dotxol+xDeU=",
        "owner": "nix-community",
        "repo": "pyproject.nix",
        "rev": "e5acd6e519796c653608ae7bbc30128c00e77a41",
        "type": "github"
      },
      "original": {
        "owner": "nix-community",
        "repo": "pyproject.nix",
        "type": "github"
      }
    },
    "root": {
      "inputs": {
        "animal_rescue": "animal_rescue",
        "darwin": "darwin",
        "flake-utils": "flake-utils_2",
        "home-manager": "home-manager",
        "home-manager-master": "home-manager-master",
        "nil": "nil",
        "nixhub_dep": "nixhub_dep",
        "nixpkgs": "nixpkgs_3",
        "nixpkgs-darwin": "nixpkgs-darwin",
        "nixpkgs-unstable": "nixpkgs-unstable",
        "procmux": "procmux",
        "scrollbacktamer": "scrollbacktamer",
        "secret_inject": "secret_inject"
      }
    },
    "rust-overlay": {
      "inputs": {
        "nixpkgs": [
          "nil",
          "nixpkgs"
        ]
      },
      "locked": {
        "lastModified": 1741055476,
        "narHash": "sha256-52vwEV0oS2lCnx3c/alOFGglujZTLmObit7K8VblnS8=",
        "owner": "oxalica",
        "repo": "rust-overlay",
        "rev": "aefb7017d710f150970299685e8d8b549d653649",
        "type": "github"
      },
      "original": {
        "owner": "oxalica",
        "repo": "rust-overlay",
        "type": "github"
      }
    },
    "scrollbacktamer": {
      "inputs": {
        "flake-utils": "flake-utils_4",
        "goflake": "goflake_2",
        "nixpkgs": "nixpkgs_4"
      },
      "locked": {
        "lastModified": 1739727115,
        "narHash": "sha256-Nt6vOkBEPUp5bz+kXFgIiYBjg7KF/gfUBVVo/WvNi6U=",
        "owner": "napisani",
        "repo": "scrollbacktamer",
        "rev": "b8d269d29f68e79983f18a18efd77016d1343e44",
        "type": "github"
      },
      "original": {
        "owner": "napisani",
        "repo": "scrollbacktamer",
        "type": "github"
      }
    },
    "secret_inject": {
      "inputs": {
        "flake-utils": "flake-utils_5",
        "goflake": "goflake_3",
        "nixpkgs": "nixpkgs_5"
      },
      "locked": {
        "lastModified": 1721613743,
        "narHash": "sha256-vtHdxkoRKD8e/jexeE4XSY2r6PgFtZCmv2M3GDj5LgQ=",
        "owner": "napisani",
        "repo": "secret_inject",
        "rev": "cf9db2eb4dd3189f60994d2a47ecc704bce0e178",
        "type": "github"
      },
      "original": {
        "owner": "napisani",
        "repo": "secret_inject",
        "type": "github"
      }
    },
    "systems": {
      "locked": {
        "lastModified": 1681028828,
        "narHash": "sha256-Vy1rq5AaRuLzOxct8nz4T6wlgyUR7zLU309k9mBC768=",
        "owner": "nix-systems",
        "repo": "default",
        "rev": "da67096a3b9bf56a91d16901293e51ba5b49a27e",
        "type": "github"
      },
      "original": {
        "owner": "nix-systems",
        "repo": "default",
        "type": "github"
      }
    },
    "systems_2": {
      "locked": {
        "lastModified": 1681028828,
        "narHash": "sha256-Vy1rq5AaRuLzOxct8nz4T6wlgyUR7zLU309k9mBC768=",
        "owner": "nix-systems",
        "repo": "default",
        "rev": "da67096a3b9bf56a91d16901293e51ba5b49a27e",
        "type": "github"
      },
      "original": {
        "owner": "nix-systems",
        "repo": "default",
        "type": "github"
      }
    },
    "systems_3": {
      "locked": {
        "lastModified": 1681028828,
        "narHash": "sha256-Vy1rq5AaRuLzOxct8nz4T6wlgyUR7zLU309k9mBC768=",
        "owner": "nix-systems",
        "repo": "default",
        "rev": "da67096a3b9bf56a91d16901293e51ba5b49a27e",
        "type": "github"
      },
      "original": {
        "owner": "nix-systems",
        "repo": "default",
        "type": "github"
      }
    },
    "systems_4": {
      "locked": {
        "lastModified": 1681028828,
        "narHash": "sha256-Vy1rq5AaRuLzOxct8nz4T6wlgyUR7zLU309k9mBC768=",
        "owner": "nix-systems",
        "repo": "default",
        "rev": "da67096a3b9bf56a91d16901293e51ba5b49a27e",
        "type": "github"
      },
      "original": {
        "id": "systems",
        "type": "indirect"
      }
    },
    "systems_5": {
      "locked": {
        "lastModified": 1681028828,
        "narHash": "sha256-Vy1rq5AaRuLzOxct8nz4T6wlgyUR7zLU309k9mBC768=",
        "owner": "nix-systems",
        "repo": "default",
        "rev": "da67096a3b9bf56a91d16901293e51ba5b49a27e",
        "type": "github"
      },
      "original": {
        "owner": "nix-systems",
        "repo": "default",
        "type": "github"
      }
    },
    "systems_6": {
      "locked": {
        "lastModified": 1681028828,
        "narHash": "sha256-Vy1rq5AaRuLzOxct8nz4T6wlgyUR7zLU309k9mBC768=",
        "owner": "nix-systems",
        "repo": "default",
        "rev": "da67096a3b9bf56a91d16901293e51ba5b49a27e",
        "type": "github"
      },
      "original": {
        "owner": "nix-systems",
        "repo": "default",
        "type": "github"
      }
    },
    "uv2nix": {
      "inputs": {
        "nixpkgs": [
          "procmux",
          "nixpkgs"
        ],
        "pyproject-nix": [
          "procmux",
          "pyproject-nix"
        ]
      },
      "locked": {
        "lastModified": 1739453731,
        "narHash": "sha256-1IxD5+5LSf60Qj4PiXYIC6/Ixz7G1ts719P/HzU8yFQ=",
        "owner": "adisbladis",
        "repo": "uv2nix",
        "rev": "610b3852936f7d5bb6479ac8396bf89fc329a49b",
        "type": "github"
      },
      "original": {
        "owner": "adisbladis",
        "repo": "uv2nix",
        "type": "github"
      }
    }
  },
  "root": "root",
  "version": 7
}
