{
  "nodes": {
    "addyosmani-agent-skills": {
      "flake": false,
      "locked": {
        "lastModified": 1786477736,
        "narHash": "sha256-b/Z1Bl7IazUGz4WQaP1JFqUwBS60/KOHIzmcHPQJvLg=",
        "owner": "addyosmani",
        "repo": "agent-skills",
        "rev": "be42637c5af93fdc8526b68ec2f2651b930f316c",
        "type": "github"
      },
      "original": {
        "owner": "addyosmani",
        "repo": "agent-skills",
        "type": "github"
      }
    },
    "agent-tui-src": {
      "flake": false,
      "locked": {
        "lastModified": 1776234668,
        "narHash": "sha256-GK61FwZKcXMsWeB2Pu4o19eg/gBwTVq+uyP20ZNBdR4=",
        "owner": "pproenca",
        "repo": "agent-tui",
        "rev": "a6d490fda60de936f5a5366a9c6b83d933e38972",
        "type": "github"
      },
      "original": {
        "owner": "pproenca",
        "repo": "agent-tui",
        "type": "github"
      }
    },
    "agentmemory-skills": {
      "flake": false,
      "locked": {
        "lastModified": 1786278654,
        "narHash": "sha256-ZqWu9LuQYziSIsn4pEmDP3J8WDso+vlzIU8/KqYaqT4=",
        "owner": "rohitg00",
        "repo": "agentmemory",
        "rev": "2973e4ec4c40d323a08daa34220118010e73a2c3",
        "type": "github"
      },
      "original": {
        "owner": "rohitg00",
        "repo": "agentmemory",
        "type": "github"
      }
    },
    "animal_rescue": {
      "inputs": {
        "flake-utils": "flake-utils",
        "goflake": "goflake",
        "nixpkgs": "nixpkgs"
      },
      "locked": {
        "lastModified": 1730429247,
        "narHash": "sha256-4W9klPJxG977m3Xx8QUGiYV/KwfZd0auAELrCMO9pwk=",
        "owner": "napisani",
        "repo": "animal-rescue",
        "rev": "321b2e7de5a915d30526ee083fb23b98fbf10cb5",
        "type": "github"
      },
      "original": {
        "owner": "napisani",
        "repo": "animal-rescue",
        "type": "github"
      }
    },
    "anthropic-skills": {
      "flake": false,
      "locked": {
        "lastModified": 1786122854,
        "narHash": "sha256-vTqAu8eRY+8ymbf065SWHHjNX/li3SOR+sWq1npteTM=",
        "owner": "anthropics",
        "repo": "skills",
        "rev": "f17010c9bb483898c1d9c9f42dde2b3a98889434",
        "type": "github"
      },
      "original": {
        "owner": "anthropics",
        "repo": "skills",
        "type": "github"
      }
    },
    "arjunmahishi-dotfiles": {
      "flake": false,
      "locked": {
        "lastModified": 1784620114,
        "narHash": "sha256-ur2lG1wCXeFVLF3ENVY1hUhild5RQWomxu78qjy/QHg=",
        "owner": "arjunmahishi",
        "repo": "dotfiles",
        "rev": "09e5f1f32561985db0b583d5a43e13686180ca7a",
        "type": "github"
      },
      "original": {
        "owner": "arjunmahishi",
        "repo": "dotfiles",
        "type": "github"
      }
    },
    "builderio-skills": {
      "flake": false,
      "locked": {
        "lastModified": 1786658027,
        "narHash": "sha256-7xC1zWYDfwaQMzcPAsI7cAI4LG5iLLGTgqLmu+4JCG8=",
        "owner": "nicobailon",
        "repo": "visual-explainer",
        "rev": "08f91a73096e8d9a3d79a23067ac09c3c19bc1b4",
        "type": "github"
      },
      "original": {
        "owner": "nicobailon",
        "repo": "visual-explainer",
        "type": "github"
      }
    },
    "crane": {
      "locked": {
        "lastModified": 1766774972,
        "narHash": "sha256-8qxEFpj4dVmIuPn9j9z6NTbU+hrcGjBOvaxTzre5HmM=",
        "owner": "ipetkov",
        "repo": "crane",
        "rev": "01bc1d404a51a0a07e9d8759cd50a7903e218c82",
        "type": "github"
      },
      "original": {
        "owner": "ipetkov",
        "repo": "crane",
        "type": "github"
      }
    },
    "darwin": {
      "inputs": {
        "nixpkgs": [
          "nixpkgs"
        ]
      },
      "locked": {
        "lastModified": 1785389976,
        "narHash": "sha256-0tLW8Ff5yt8AH97jw4ZpFJ0OCJ122zIlgWGDmOfU/VU=",
        "owner": "lnl7",
        "repo": "nix-darwin",
        "rev": "15abb8c98f336cd8bd840d71059adebabe60bf04",
        "type": "github"
      },
      "original": {
        "owner": "lnl7",
        "ref": "master",
        "repo": "nix-darwin",
        "type": "github"
      }
    },
    "deepagents": {
      "flake": false,
      "locked": {
        "lastModified": 1786626714,
        "narHash": "sha256-kgR/oJNGwYwndEuSSv97GiA/g+KVMD7FLI90RhtWFTo=",
        "owner": "langchain-ai",
        "repo": "deepagents",
        "rev": "8d4cabc23585bc35fb10da9049c150e3e35e460e",
        "type": "github"
      },
      "original": {
        "owner": "langchain-ai",
        "repo": "deepagents",
        "type": "github"
      }
    },
    "fenix": {
      "inputs": {
        "nixpkgs": [
          "rift",
          "nixpkgs"
        ],
        "rust-analyzer-src": "rust-analyzer-src"
      },
      "locked": {
        "lastModified": 1766818130,
        "narHash": "sha256-FeVBDk9H5OPynbG+4wx0j04Mz/F+/LUfAPr4bnSeu/8=",
        "owner": "nix-community",
        "repo": "fenix",
        "rev": "3479aaf375090ede15fb623a84892f8597e00a25",
        "type": "github"
      },
      "original": {
        "owner": "nix-community",
        "repo": "fenix",
        "type": "github"
      }
    },
    "flake-utils": {
      "inputs": {
        "systems": "systems"
      },
      "locked": {
        "lastModified": 1710146030,
        "narHash": "sha256-SZ5L6eA7HJ/nmkzGG7/ISclqe6oZdOZTNoesiInkXPQ=",
        "owner": "numtide",
        "repo": "flake-utils",
        "rev": "b1d9ab70662946ef0850d488da1c9019f3a9752a",
        "type": "github"
      },
      "original": {
        "owner": "numtide",
        "repo": "flake-utils",
        "type": "github"
      }
    },
    "flake-utils_2": {
      "inputs": {
        "systems": "systems_3"
      },
      "locked": {
        "lastModified": 1731533236,
        "narHash": "sha256-l0KFg5HjrsfsO/JpG+r7fRrqm12kzFHyUHqHCVpMMbI=",
        "owner": "numtide",
        "repo": "flake-utils",
        "rev": "11707dc2f618dd54ca8739b309ec4fc024de578b",
        "type": "github"
      },
      "original": {
        "owner": "numtide",
        "repo": "flake-utils",
        "type": "github"
      }
    },
    "flake-utils_3": {
      "inputs": {
        "systems": "systems_4"
      },
      "locked": {
        "lastModified": 1710146030,
        "narHash": "sha256-SZ5L6eA7HJ/nmkzGG7/ISclqe6oZdOZTNoesiInkXPQ=",
        "owner": "numtide",
        "repo": "flake-utils",
        "rev": "b1d9ab70662946ef0850d488da1c9019f3a9752a",
        "type": "github"
      },
      "original": {
        "owner": "numtide",
        "repo": "flake-utils",
        "type": "github"
      }
    },
    "flake-utils_4": {
      "inputs": {
        "systems": "systems_5"
      },
      "locked": {
        "lastModified": 1731533236,
        "narHash": "sha256-l0KFg5HjrsfsO/JpG+r7fRrqm12kzFHyUHqHCVpMMbI=",
        "owner": "numtide",
        "repo": "flake-utils",
        "rev": "11707dc2f618dd54ca8739b309ec4fc024de578b",
        "type": "github"
      },
      "original": {
        "owner": "numtide",
        "repo": "flake-utils",
        "type": "github"
      }
    },
    "flake-utils_5": {
      "inputs": {
        "systems": "systems_6"
      },
      "locked": {
        "lastModified": 1731533236,
        "narHash": "sha256-l0KFg5HjrsfsO/JpG+r7fRrqm12kzFHyUHqHCVpMMbI=",
        "owner": "numtide",
        "repo": "flake-utils",
        "rev": "11707dc2f618dd54ca8739b309ec4fc024de578b",
        "type": "github"
      },
      "original": {
        "owner": "numtide",
        "repo": "flake-utils",
        "type": "github"
      }
    },
    "gh-stack-skills": {
      "flake": false,
      "locked": {
        "lastModified": 1785805944,
        "narHash": "sha256-SBP6z6G35wGY31RMhPpsZ1QDOhmVBlLv7ktLXIA3HwI=",
        "owner": "github",
        "repo": "gh-stack",
        "rev": "14fc42ed9b6c376a53b2f999f138d3bd26dac546",
        "type": "github"
      },
      "original": {
        "owner": "github",
        "repo": "gh-stack",
        "type": "github"
      }
    },
    "goflake": {
      "inputs": {
        "nixpkgs": [
          "animal_rescue",
          "nixpkgs"
        ]
      },
      "locked": {
        "lastModified": 1680659771,
        "narHash": "sha256-5Gli0PdnZh2rUQTDapyz0pDG+yzRq5AAPoMpZkdMaGQ=",
        "owner": "sagikazarmark",
        "repo": "go-flake",
        "rev": "1a32d77792361575b617f7e52f107273ef4ba723",
        "type": "github"
      },
      "original": {
        "owner": "sagikazarmark",
        "repo": "go-flake",
        "type": "github"
      }
    },
    "goflake_2": {
      "inputs": {
        "nixpkgs": [
          "scrollbacktamer",
          "nixpkgs"
        ]
      },
      "locked": {
        "lastModified": 1680659771,
        "narHash": "sha256-5Gli0PdnZh2rUQTDapyz0pDG+yzRq5AAPoMpZkdMaGQ=",
        "owner": "sagikazarmark",
        "repo": "go-flake",
        "rev": "1a32d77792361575b617f7e52f107273ef4ba723",
        "type": "github"
      },
      "original": {
        "owner": "sagikazarmark",
        "repo": "go-flake",
        "type": "github"
      }
    },
    "home-manager": {
      "inputs": {
        "nixpkgs": [
          "nixpkgs"
        ]
      },
      "locked": {
        "lastModified": 1786603258,
        "narHash": "sha256-j1lYPT7YxOQc/G7NcJKqdpQ5/A5yX2aZdhVKkJR6cM4=",
        "owner": "nix-community",
        "repo": "home-manager",
        "rev": "0668fdbc15bd602e463cab37ff64346021193652",
        "type": "github"
      },
      "original": {
        "owner": "nix-community",
        "ref": "master",
        "repo": "home-manager",
        "type": "github"
      }
    },
    "humanlayer-skills": {
      "flake": false,
      "locked": {
        "lastModified": 1786488027,
        "narHash": "sha256-21aEcVlvF904z0M/JXWr32l5dlbAZr9rtgizzqNm0Ic=",
        "owner": "humanlayer",
        "repo": "skills",
        "rev": "4d8d644ca747517973f58d7953f58d7cd07520cd",
        "type": "github"
      },
      "original": {
        "owner": "humanlayer",
        "repo": "skills",
        "type": "github"
      }
    },
    "intellectronica-agent-skills": {
      "flake": false,
      "locked": {
        "lastModified": 1777131109,
        "narHash": "sha256-5CPfJPdI1MWQFmTMpLNeXpcAZ3EejsDlpkH7i5Ycncs=",
        "owner": "intellectronica",
        "repo": "agent-skills",
        "rev": "9b0e00ad1b941165e2506545bbfddafa34cf2cb8",
        "type": "github"
      },
      "original": {
        "owner": "intellectronica",
        "repo": "agent-skills",
        "type": "github"
      }
    },
    "lc-script-skills": {
      "flake": false,
      "locked": {
        "lastModified": 1786541106,
        "narHash": "sha256-8fcS82rlqgh6sUODkLG6/7OOaBFdCqtWyjzdGC1SPGo=",
        "ref": "refs/heads/main",
        "rev": "a9780bb429e2dea6a72a470ae7816975451a9450",
        "revCount": 6,
        "type": "git",
        "url": "ssh://git@github.com/napisani/lc-script"
      },
      "original": {
        "type": "git",
        "url": "ssh://git@github.com/napisani/lc-script"
      }
    },
    "mattpocock-skills": {
      "flake": false,
      "locked": {
        "lastModified": 1786611981,
        "narHash": "sha256-jsXcMkhu15MxR0zXnLLJeni0q0Aew2UxUSojl6zmOvg=",
        "owner": "mattpocock",
        "repo": "skills",
        "rev": "8b78b531ab965735c5dc74f6f7a219e1e37326df",
        "type": "github"
      },
      "original": {
        "owner": "mattpocock",
        "repo": "skills",
        "type": "github"
      }
    },
    "nixpkgs": {
      "locked": {
        "lastModified": 1707588924,
        "narHash": "sha256-0e1ce6X5ghapv6cAF9rxLZKeNyFHHXsLbGxN2cQQE8U=",
        "owner": "NixOS",
        "repo": "nixpkgs",
        "rev": "10b813040df67c4039086db0f6eaf65c536886c6",
        "type": "github"
      },
      "original": {
        "owner": "NixOS",
        "repo": "nixpkgs",
        "rev": "10b813040df67c4039086db0f6eaf65c536886c6",
        "type": "github"
      }
    },
    "nixpkgs_2": {
      "locked": {
        "lastModified": 1786534138,
        "narHash": "sha256-fBJMdnKUTUDtfi/BYLr71HLaC9dG382arxLF2Egg2uo=",
        "owner": "NixOS",
        "repo": "nixpkgs",
        "rev": "044bfe75bfe4c7bbe043dc17b5e42ea823b84a09",
        "type": "github"
      },
      "original": {
        "owner": "NixOS",
        "ref": "nixpkgs-unstable",
        "repo": "nixpkgs",
        "type": "github"
      }
    },
    "nixpkgs_3": {
      "locked": {
        "lastModified": 1771207753,
        "narHash": "sha256-b9uG8yN50DRQ6A7JdZBfzq718ryYrlmGgqkRm9OOwCE=",
        "owner": "NixOS",
        "repo": "nixpkgs",
        "rev": "d1c15b7d5806069da59e819999d70e1cec0760bf",
        "type": "github"
      },
      "original": {
        "owner": "NixOS",
        "repo": "nixpkgs",
        "rev": "d1c15b7d5806069da59e819999d70e1cec0760bf",
        "type": "github"
      }
    },
    "nixpkgs_4": {
      "locked": {
        "lastModified": 1707588924,
        "narHash": "sha256-0e1ce6X5ghapv6cAF9rxLZKeNyFHHXsLbGxN2cQQE8U=",
        "owner": "NixOS",
        "repo": "nixpkgs",
        "rev": "10b813040df67c4039086db0f6eaf65c536886c6",
        "type": "github"
      },
      "original": {
        "owner": "NixOS",
        "repo": "nixpkgs",
        "rev": "10b813040df67c4039086db0f6eaf65c536886c6",
        "type": "github"
      }
    },
    "nixpkgs_5": {
      "locked": {
        "lastModified": 1785141334,
        "narHash": "sha256-kh35kIx7el4Jk8Ki3BH9/Pn1eZYSYLJ6LMALos0zOy0=",
        "owner": "NixOS",
        "repo": "nixpkgs",
        "rev": "38a4887411571457d700c51c64a6e49ead2ed5ab",
        "type": "github"
      },
      "original": {
        "owner": "NixOS",
        "repo": "nixpkgs",
        "rev": "38a4887411571457d700c51c64a6e49ead2ed5ab",
        "type": "github"
      }
    },
    "no-ai-slop": {
      "flake": false,
      "locked": {
        "lastModified": 1785990010,
        "narHash": "sha256-qpxftQLQAKDnyzPVtidgKACGyCaX2HEW4I/NQuZFOIE=",
        "owner": "petergyang",
        "repo": "no-ai-slop",
        "rev": "d30eddb9e04562234f2070b5ee63ca4649d9a05e",
        "type": "github"
      },
      "original": {
        "owner": "petergyang",
        "repo": "no-ai-slop",
        "type": "github"
      }
    },
    "playwright-cli-skills": {
      "flake": false,
      "locked": {
        "lastModified": 1786126713,
        "narHash": "sha256-p7uIprVBIdUMK82OlaZJcmbjRt14MiylyGOTF5r8nFw=",
        "owner": "microsoft",
        "repo": "playwright-cli",
        "rev": "e2d8f311f38a4828fc44a1026481481442ed962b",
        "type": "github"
      },
      "original": {
        "owner": "microsoft",
        "repo": "playwright-cli",
        "type": "github"
      }
    },
    "private-skills": {
      "flake": false,
      "locked": {
        "lastModified": 1786626649,
        "narHash": "sha256-VZj2VTDQRNvUtVmSvIEzUd5eZ7YUQ4k4Ma6ImV6k6Eg=",
        "ref": "refs/heads/main",
        "rev": "9f76e2feaeb6de1fe10a3e5ca480488221fbed98",
        "revCount": 1272,
        "type": "git",
        "url": "ssh://git@github.com/napisani/monorepo.git"
      },
      "original": {
        "type": "git",
        "url": "ssh://git@github.com/napisani/monorepo.git"
      }
    },
    "procmux": {
      "inputs": {
        "nixpkgs": [
          "nixpkgs"
        ],
        "pyproject-build-systems": "pyproject-build-systems",
        "pyproject-nix": "pyproject-nix",
        "systems": "systems_2",
        "uv2nix": "uv2nix"
      },
      "locked": {
        "lastModified": 1763913142,
        "narHash": "sha256-Yx1S8JMOUhFTX3kB6Y3PqAw27qClkcUvtzrIuj5etZo=",
        "owner": "napisani",
        "repo": "procmux",
        "rev": "3fc3aeffd17401ac10aa621703d9faadfe5a4b82",
        "type": "github"
      },
      "original": {
        "owner": "napisani",
        "repo": "procmux",
        "type": "github"
      }
    },
    "proctmux": {
      "inputs": {
        "agent-tui-src": "agent-tui-src",
        "flake-utils": "flake-utils_2",
        "nixpkgs": "nixpkgs_3"
      },
      "locked": {
        "lastModified": 1786535313,
        "narHash": "sha256-QYXmcftTJzJpiFQglff2VShN8tFNymSc3ECpdeMKzOg=",
        "owner": "napisani",
        "repo": "proctmux",
        "rev": "35e93af35e9e02ab45fa4975fb49fc6bf69ee5d7",
        "type": "github"
      },
      "original": {
        "owner": "napisani",
        "repo": "proctmux",
        "type": "github"
      }
    },
    "pyproject-build-systems": {
      "inputs": {
        "nixpkgs": [
          "procmux",
          "nixpkgs"
        ],
        "pyproject-nix": [
          "procmux",
          "pyproject-nix"
        ],
        "uv2nix": [
          "procmux",
          "uv2nix"
        ]
      },
      "locked": {
        "lastModified": 1739183797,
        "narHash": "sha256-z3OeNI8VDCHTjEVGA4nEmsPAl+d34TLaco4ytVrqWJA=",
        "owner": "pyproject-nix",
        "repo": "build-system-pkgs",
        "rev": "e4ec65fabc1ff5abf61825f3ac07d0e1d157f1c1",
        "type": "github"
      },
      "original": {
        "owner": "pyproject-nix",
        "repo": "build-system-pkgs",
        "type": "github"
      }
    },
    "pyproject-nix": {
      "inputs": {
        "nixpkgs": [
          "procmux",
          "nixpkgs"
        ]
      },
      "locked": {
        "lastModified": 1739454625,
        "narHash": "sha256-sNOUT521rQn8I3lHYeXLQTQiWvqZfZA4Dotxol+xDeU=",
        "owner": "nix-community",
        "repo": "pyproject.nix",
        "rev": "e5acd6e519796c653608ae7bbc30128c00e77a41",
        "type": "github"
      },
      "original": {
        "owner": "nix-community",
        "repo": "pyproject.nix",
        "type": "github"
      }
    },
    "rift": {
      "inputs": {
        "crane": "crane",
        "fenix": "fenix",
        "nixpkgs": [
          "nixpkgs"
        ]
      },
      "locked": {
        "lastModified": 1785692539,
        "narHash": "sha256-Ax5ALWqx2+uksjjos9mJk0Fqh+8xp5/avgbS8mEacqM=",
        "owner": "napisani",
        "repo": "rift",
        "rev": "77cf5ca93e01c3e301b120c44cf2bdb023cefe55",
        "type": "github"
      },
      "original": {
        "owner": "napisani",
        "ref": "main-nix",
        "repo": "rift",
        "type": "github"
      }
    },
    "root": {
      "inputs": {
        "addyosmani-agent-skills": "addyosmani-agent-skills",
        "agentmemory-skills": "agentmemory-skills",
        "animal_rescue": "animal_rescue",
        "anthropic-skills": "anthropic-skills",
        "arjunmahishi-dotfiles": "arjunmahishi-dotfiles",
        "builderio-skills": "builderio-skills",
        "darwin": "darwin",
        "deepagents": "deepagents",
        "gh-stack-skills": "gh-stack-skills",
        "home-manager": "home-manager",
        "humanlayer-skills": "humanlayer-skills",
        "intellectronica-agent-skills": "intellectronica-agent-skills",
        "lc-script-skills": "lc-script-skills",
        "mattpocock-skills": "mattpocock-skills",
        "nixpkgs": "nixpkgs_2",
        "no-ai-slop": "no-ai-slop",
        "playwright-cli-skills": "playwright-cli-skills",
        "private-skills": "private-skills",
        "procmux": "procmux",
        "proctmux": "proctmux",
        "rift": "rift",
        "scrollbacktamer": "scrollbacktamer",
        "secret_inject": "secret_inject",
        "softaworks-agent-toolkit": "softaworks-agent-toolkit",
        "stackman": "stackman",
        "superpowers": "superpowers",
        "understand-anything": "understand-anything",
        "vantage-nvim-skills": "vantage-nvim-skills",
        "workmux-skills": "workmux-skills"
      }
    },
    "rust-analyzer-src": {
      "flake": false,
      "locked": {
        "lastModified": 1766755908,
        "narHash": "sha256-1SBtDgvqG/tazoe3nyIfqhFgEI6RFSGBnh1Lnv0/Y6U=",
        "owner": "rust-lang",
        "repo": "rust-analyzer",
        "rev": "8c5a68e214578d4ccbb65fa8c48a4efd5c82697f",
        "type": "github"
      },
      "original": {
        "owner": "rust-lang",
        "ref": "nightly",
        "repo": "rust-analyzer",
        "type": "github"
      }
    },
    "scrollbacktamer": {
      "inputs": {
        "flake-utils": "flake-utils_3",
        "goflake": "goflake_2",
        "nixpkgs": "nixpkgs_4"
      },
      "locked": {
        "lastModified": 1739727115,
        "narHash": "sha256-Nt6vOkBEPUp5bz+kXFgIiYBjg7KF/gfUBVVo/WvNi6U=",
        "owner": "napisani",
        "repo": "scrollbacktamer",
        "rev": "b8d269d29f68e79983f18a18efd77016d1343e44",
        "type": "github"
      },
      "original": {
        "owner": "napisani",
        "repo": "scrollbacktamer",
        "type": "github"
      }
    },
    "secret_inject": {
      "inputs": {
        "flake-utils": "flake-utils_4",
        "nixpkgs": "nixpkgs_5"
      },
      "locked": {
        "lastModified": 1786535311,
        "narHash": "sha256-/ZzJawk7oJauQ1NabLCaM4eMss/rOUYTGh2jeQD9/k8=",
        "owner": "napisani",
        "repo": "secret_inject",
        "rev": "32e83e670b797d96e29248465e73324d6adb7e73",
        "type": "github"
      },
      "original": {
        "owner": "napisani",
        "repo": "secret_inject",
        "type": "github"
      }
    },
    "softaworks-agent-toolkit": {
      "flake": false,
      "locked": {
        "lastModified": 1772729184,
        "narHash": "sha256-1q4IP55kvZhJibTLJct0SSifw46lBmAQhp9nSmDzYxs=",
        "owner": "softaworks",
        "repo": "agent-toolkit",
        "rev": "3027f20f3181758385a1bb8c022d4041dfb4de84",
        "type": "github"
      },
      "original": {
        "owner": "softaworks",
        "repo": "agent-toolkit",
        "type": "github"
      }
    },
    "stackman": {
      "inputs": {
        "flake-utils": "flake-utils_5",
        "nixpkgs": [
          "nixpkgs"
        ]
      },
      "locked": {
        "dir": "pub/stackman",
        "lastModified": 1786713053,
        "narHash": "sha256-fuc74rjnj7CUlwuKHBkfavop/peLTJ5ymVQhf2CSvYs=",
        "ref": "refs/heads/main",
        "rev": "1f80e7153fc792e2627472f524f9bb607d9317ca",
        "revCount": 1301,
        "type": "git",
        "url": "ssh://git@github.com/napisani/monorepo.git"
      },
      "original": {
        "dir": "pub/stackman",
        "type": "git",
        "url": "ssh://git@github.com/napisani/monorepo.git"
      }
    },
    "superpowers": {
      "flake": false,
      "locked": {
        "lastModified": 1786553601,
        "narHash": "sha256-EsGNO0dULWf5Bx6bGrCv2kI2Z8aKH0kRvGiuN23wChQ=",
        "owner": "obra",
        "repo": "superpowers",
        "rev": "b36e0829c6d0140e93cfef2ca599b1b07d4a7797",
        "type": "github"
      },
      "original": {
        "owner": "obra",
        "repo": "superpowers",
        "type": "github"
      }
    },
    "systems": {
      "locked": {
        "lastModified": 1681028828,
        "narHash": "sha256-Vy1rq5AaRuLzOxct8nz4T6wlgyUR7zLU309k9mBC768=",
        "owner": "nix-systems",
        "repo": "default",
        "rev": "da67096a3b9bf56a91d16901293e51ba5b49a27e",
        "type": "github"
      },
      "original": {
        "owner": "nix-systems",
        "repo": "default",
        "type": "github"
      }
    },
    "systems_2": {
      "locked": {
        "lastModified": 1681028828,
        "narHash": "sha256-Vy1rq5AaRuLzOxct8nz4T6wlgyUR7zLU309k9mBC768=",
        "owner": "nix-systems",
        "repo": "default",
        "rev": "da67096a3b9bf56a91d16901293e51ba5b49a27e",
        "type": "github"
      },
      "original": {
        "id": "systems",
        "type": "indirect"
      }
    },
    "systems_3": {
      "locked": {
        "lastModified": 1681028828,
        "narHash": "sha256-Vy1rq5AaRuLzOxct8nz4T6wlgyUR7zLU309k9mBC768=",
        "owner": "nix-systems",
        "repo": "default",
        "rev": "da67096a3b9bf56a91d16901293e51ba5b49a27e",
        "type": "github"
      },
      "original": {
        "owner": "nix-systems",
        "repo": "default",
        "type": "github"
      }
    },
    "systems_4": {
      "locked": {
        "lastModified": 1681028828,
        "narHash": "sha256-Vy1rq5AaRuLzOxct8nz4T6wlgyUR7zLU309k9mBC768=",
        "owner": "nix-systems",
        "repo": "default",
        "rev": "da67096a3b9bf56a91d16901293e51ba5b49a27e",
        "type": "github"
      },
      "original": {
        "owner": "nix-systems",
        "repo": "default",
        "type": "github"
      }
    },
    "systems_5": {
      "locked": {
        "lastModified": 1681028828,
        "narHash": "sha256-Vy1rq5AaRuLzOxct8nz4T6wlgyUR7zLU309k9mBC768=",
        "owner": "nix-systems",
        "repo": "default",
        "rev": "da67096a3b9bf56a91d16901293e51ba5b49a27e",
        "type": "github"
      },
      "original": {
        "owner": "nix-systems",
        "repo": "default",
        "type": "github"
      }
    },
    "systems_6": {
      "locked": {
        "lastModified": 1681028828,
        "narHash": "sha256-Vy1rq5AaRuLzOxct8nz4T6wlgyUR7zLU309k9mBC768=",
        "owner": "nix-systems",
        "repo": "default",
        "rev": "da67096a3b9bf56a91d16901293e51ba5b49a27e",
        "type": "github"
      },
      "original": {
        "owner": "nix-systems",
        "repo": "default",
        "type": "github"
      }
    },
    "understand-anything": {
      "flake": false,
      "locked": {
        "lastModified": 1786457616,
        "narHash": "sha256-R5mDA+I0g+DHIx5PSJWnzw+Bkl+/s9Ctxmtg8lhObps=",
        "owner": "Lum1104",
        "repo": "Understand-Anything",
        "rev": "32944829e7a63a9fa9c55d811d7f98a9530c6a6a",
        "type": "github"
      },
      "original": {
        "owner": "Lum1104",
        "repo": "Understand-Anything",
        "type": "github"
      }
    },
    "uv2nix": {
      "inputs": {
        "nixpkgs": [
          "procmux",
          "nixpkgs"
        ],
        "pyproject-nix": [
          "procmux",
          "pyproject-nix"
        ]
      },
      "locked": {
        "lastModified": 1739453731,
        "narHash": "sha256-1IxD5+5LSf60Qj4PiXYIC6/Ixz7G1ts719P/HzU8yFQ=",
        "owner": "adisbladis",
        "repo": "uv2nix",
        "rev": "610b3852936f7d5bb6479ac8396bf89fc329a49b",
        "type": "github"
      },
      "original": {
        "owner": "adisbladis",
        "repo": "uv2nix",
        "type": "github"
      }
    },
    "vantage-nvim-skills": {
      "flake": false,
      "locked": {
        "lastModified": 1784297050,
        "narHash": "sha256-RKipbdLVJUPQQvqHN7r6UMC3mzrzYsZUUKTwb90FOqw=",
        "owner": "napisani",
        "repo": "vantage-nvim",
        "rev": "f9d45792a97b37864c7172de0321daf4b5187615",
        "type": "github"
      },
      "original": {
        "owner": "napisani",
        "repo": "vantage-nvim",
        "type": "github"
      }
    },
    "workmux-skills": {
      "flake": false,
      "locked": {
        "lastModified": 1786308963,
        "narHash": "sha256-FvoxyrBcnPg7X7n1jbg3BHeRR1nbsFdYWQmUj1YPte8=",
        "owner": "raine",
        "repo": "workmux",
        "rev": "d76f690362aa7d4bcb360a597743e91410170093",
        "type": "github"
      },
      "original": {
        "owner": "raine",
        "repo": "workmux",
        "type": "github"
      }
    }
  },
  "root": "root",
  "version": 7
}
